
Microsoft Visual Studio Solution File, Format Version 12.00
# Visual Studio Version 16
VisualStudioVersion = 16.0.30517.126
MinimumVisualStudioVersion = 10.0.40219.1
Project("{FAE04EC0-301F-11D3-BF4B-00C04F79EFBC}") = "WagesOfAMonthUC", "WagesOfAMonthUC\WagesOfAMonthUC.csproj", "{4515B3AF-0918-402B-8B77-BEFB0B542A6C}"
EndProject
Global
	GlobalSection(SolutionConfigurationPlatforms) = preSolution
		Debug|Any CPU = Debug|Any CPU
		Release|Any CPU = Release|Any CPU
	EndGlobalSection
	GlobalSection(ProjectConfigurationPlatforms) = postSolution
		{4515B3AF-0918-402B-8B77-BEFB0B542A6C}.Debug|Any CPU.ActiveCfg = Debug|Any CPU
		{4515B3AF-0918-402B-8B77-BEFB0B542A6C}.Debug|Any CPU.Build.0 = Debug|Any CPU
		{4515B3AF-0918-402B-8B77-BEFB0B542A6C}.Release|Any CPU.ActiveCfg = Release|Any CPU
		{4515B3AF-0918-402B-8B77-BEFB0B542A6C}.Release|Any CPU.Build.0 = Release|Any CPU
	EndGlobalSection
	GlobalSection(SolutionProperties) = preSolution
		HideSolutionNode = FALSE
	EndGlobalSection
	GlobalSection(ExtensibilityGlobals) = postSolution
		SolutionGuid = {FA2A9869-9C4B-4B14-92B8-9E9C0102B1F4}
	EndGlobalSection
EndGlobal
