
Microsoft Visual Studio Solution File, Format Version 12.00
# Visual Studio Version 16
VisualStudioVersion = 16.0.30517.126
MinimumVisualStudioVersion = 10.0.40219.1
Project("{FAE04EC0-301F-11D3-BF4B-00C04F79EFBC}") = "EmployeeAttendanceUC", "EmployeeAttendanceUC\EmployeeAttendanceUC.csproj", "{A4B765F1-2A10-4EAF-82DF-93B79B1640C4}"
EndProject
Global
	GlobalSection(SolutionConfigurationPlatforms) = preSolution
		Debug|Any CPU = Debug|Any CPU
		Release|Any CPU = Release|Any CPU
	EndGlobalSection
	GlobalSection(ProjectConfigurationPlatforms) = postSolution
		{A4B765F1-2A10-4EAF-82DF-93B79B1640C4}.Debug|Any CPU.ActiveCfg = Debug|Any CPU
		{A4B765F1-2A10-4EAF-82DF-93B79B1640C4}.Debug|Any CPU.Build.0 = Debug|Any CPU
		{A4B765F1-2A10-4EAF-82DF-93B79B1640C4}.Release|Any CPU.ActiveCfg = Release|Any CPU
		{A4B765F1-2A10-4EAF-82DF-93B79B1640C4}.Release|Any CPU.Build.0 = Release|Any CPU
	EndGlobalSection
	GlobalSection(SolutionProperties) = preSolution
		HideSolutionNode = FALSE
	EndGlobalSection
	GlobalSection(ExtensibilityGlobals) = postSolution
		SolutionGuid = {9270B59C-AE24-48BF-AB13-5B3CFF94F8A1}
	EndGlobalSection
EndGlobal
